
Microsoft Visual Studio Solution File, Format Version 12.00
# Visual Studio Version 17
VisualStudioVersion = 17.3.32929.385
MinimumVisualStudioVersion = 10.0.40219.1
Project("{FAE04EC0-301F-11D3-BF4B-00C04F79EFBC}") = "Matutor Admin", "Matutor Admin.csproj", "{5732CC76-6B8D-4149-A7F2-052FF6FECD55}"
EndProject
Global
	GlobalSection(SolutionConfigurationPlatforms) = preSolution
		Debug|Any CPU = Debug|Any CPU
		Release|Any CPU = Release|Any CPU
	EndGlobalSection
	GlobalSection(ProjectConfigurationPlatforms) = postSolution
		{5732CC76-6B8D-4149-A7F2-052FF6FECD55}.Debug|Any CPU.ActiveCfg = Debug|Any CPU
		{5732CC76-6B8D-4149-A7F2-052FF6FECD55}.Debug|Any CPU.Build.0 = Debug|Any CPU
		{5732CC76-6B8D-4149-A7F2-052FF6FECD55}.Release|Any CPU.ActiveCfg = Release|Any CPU
		{5732CC76-6B8D-4149-A7F2-052FF6FECD55}.Release|Any CPU.Build.0 = Release|Any CPU
	EndGlobalSection
	GlobalSection(SolutionProperties) = preSolution
		HideSolutionNode = FALSE
	EndGlobalSection
	GlobalSection(ExtensibilityGlobals) = postSolution
		SolutionGuid = {D0778982-434D-4BF3-85C4-C59164799978}
	EndGlobalSection
EndGlobal
